// !$*UTF8*$!
{
	archiveVersion = 1;
	classes = {
	};
	objectVersion = 46;
	objects = {

/* Begin PBXBuildFile section */
		0B108F941D91BF100095B312 /* OSiCloudDataBackupTests.swift in Sources */ = {isa = PBXBuildFile; fileRef = 0B108F931D91BF100095B312 /* OSiCloudDataBackupTests.swift */; };
		0B2F86501E40EEEE0075097E /* String+urlEncode.swift in Sources */ = {isa = PBXBuildFile; fileRef = 0B2F864F1E40EEEE0075097E /* String+urlEncode.swift */; };
		0B2FA9BA1E389BF5003A1AF7 /* OSLoginViewModel.swift in Sources */ = {isa = PBXBuildFile; fileRef = 0B2FA9B91E389BF5003A1AF7 /* OSLoginViewModel.swift */; };
		0B2FA9BB1E389C69003A1AF7 /* AppDelegate+ChangeRootController.swift in Sources */ = {isa = PBXBuildFile; fileRef = 0B2FA9B51E389B4D003A1AF7 /* AppDelegate+ChangeRootController.swift */; };
		0B334BA41D9925D500DE68CA /* PublicHeader.h in Headers */ = {isa = PBXBuildFile; fileRef = 0B334BA11D99253500DE68CA /* PublicHeader.h */; settings = {ATTRIBUTES = (Public, ); }; };
		0B5A9D5A1EC049EA00F522E6 /* UIViewController+showAlert.swift in Sources */ = {isa = PBXBuildFile; fileRef = 0B5A9D591EC049EA00F522E6 /* UIViewController+showAlert.swift */; };
		0B5A9D5E1EC04A0500F522E6 /* UIViewController+imageBackground.swift in Sources */ = {isa = PBXBuildFile; fileRef = 0B5A9D5D1EC04A0500F522E6 /* UIViewController+imageBackground.swift */; };
		0B5A9D601EC04A7E00F522E6 /* TransparentTableViewCell.swift in Sources */ = {isa = PBXBuildFile; fileRef = 0B5A9D5F1EC04A7E00F522E6 /* TransparentTableViewCell.swift */; };
		0B5A9D621EC04A9C00F522E6 /* TitleShadowButton.swift in Sources */ = {isa = PBXBuildFile; fileRef = 0B5A9D611EC04A9C00F522E6 /* TitleShadowButton.swift */; };
		0B5A9D641EC04ADA00F522E6 /* AppleUrlHelper.swift in Sources */ = {isa = PBXBuildFile; fileRef = 0B5A9D631EC04ADA00F522E6 /* AppleUrlHelper.swift */; };
		0B62F2C81E51BFDE00CB634F /* EoloSender.swift in Sources */ = {isa = PBXBuildFile; fileRef = 0B62F2C61E51BFDE00CB634F /* EoloSender.swift */; };
		0B62F2C91E51BFDE00CB634F /* SerializableWebQuery.swift in Sources */ = {isa = PBXBuildFile; fileRef = 0B62F2C71E51BFDE00CB634F /* SerializableWebQuery.swift */; };
		0B6B98A51D917F97004E1031 /* OSFramework.framework in Frameworks */ = {isa = PBXBuildFile; fileRef = 0B6B989B1D917F97004E1031 /* OSFramework.framework */; };
		0B6B98AA1D917F97004E1031 /* OSFrameworkTests.swift in Sources */ = {isa = PBXBuildFile; fileRef = 0B6B98A91D917F97004E1031 /* OSFrameworkTests.swift */; };
		0B6B98AC1D917F97004E1031 /* OSFramework.h in Headers */ = {isa = PBXBuildFile; fileRef = 0B6B989E1D917F97004E1031 /* OSFramework.h */; settings = {ATTRIBUTES = (Public, ); }; };
		0B6B98C11D917FF5004E1031 /* OSiCloudDataBackup.swift in Sources */ = {isa = PBXBuildFile; fileRef = 0B6B98C01D917FF5004E1031 /* OSiCloudDataBackup.swift */; };
		0B8BE47F1D9BB2B700A31E03 /* NSDate+JSON.swift in Sources */ = {isa = PBXBuildFile; fileRef = 0B8BE47D1D9BB2B700A31E03 /* NSDate+JSON.swift */; };
		0B8BE4801D9BB2B700A31E03 /* json.swift in Sources */ = {isa = PBXBuildFile; fileRef = 0B8BE47E1D9BB2B700A31E03 /* json.swift */; };
		0BC2CD341D92BFB000ACEA5F /* OSCircleLabel.swift in Sources */ = {isa = PBXBuildFile; fileRef = 0BC2CD311D92BFB000ACEA5F /* OSCircleLabel.swift */; };
		0BC2CD351D92BFB000ACEA5F /* OSCircleImageView.swift in Sources */ = {isa = PBXBuildFile; fileRef = 0BC2CD321D92BFB000ACEA5F /* OSCircleImageView.swift */; };
		0BC2CD361D92BFB000ACEA5F /* OSEditableTableViewController.swift in Sources */ = {isa = PBXBuildFile; fileRef = 0BC2CD331D92BFB000ACEA5F /* OSEditableTableViewController.swift */; };
		0BC2CD3A1D92BFC900ACEA5F /* Serializator.swift in Sources */ = {isa = PBXBuildFile; fileRef = 0BC2CD381D92BFC800ACEA5F /* Serializator.swift */; };
		0BC2CD3E1D92BFDF00ACEA5F /* OSSystem.swift in Sources */ = {isa = PBXBuildFile; fileRef = 0BC2CD3D1D92BFDF00ACEA5F /* OSSystem.swift */; };
		0BC2CD411D92C00C00ACEA5F /* OSEmailValidatorTest.swift in Sources */ = {isa = PBXBuildFile; fileRef = 0BC2CD3F1D92C00C00ACEA5F /* OSEmailValidatorTest.swift */; };
		0BC2CD421D92C00C00ACEA5F /* OSDNIValidatorTest.swift in Sources */ = {isa = PBXBuildFile; fileRef = 0BC2CD401D92C00C00ACEA5F /* OSDNIValidatorTest.swift */; };
		0BC2CD441D9303BB00ACEA5F /* OSEmailValidator.swift in Sources */ = {isa = PBXBuildFile; fileRef = 0BC2CD431D9303BB00ACEA5F /* OSEmailValidator.swift */; };
		0BC2CD461D93052D00ACEA5F /* OSDNIValidator.swift in Sources */ = {isa = PBXBuildFile; fileRef = 0BC2CD451D93052D00ACEA5F /* OSDNIValidator.swift */; };
		0BC2CD4B1D94757A00ACEA5F /* String+subscript.swift in Sources */ = {isa = PBXBuildFile; fileRef = 0BC2CD4A1D94757A00ACEA5F /* String+subscript.swift */; };
		0BF666C21E48BEF90065D217 /* SimplePersistence.swift in Sources */ = {isa = PBXBuildFile; fileRef = 0BF666C11E48BEF90065D217 /* SimplePersistence.swift */; };
/* End PBXBuildFile section */

/* Begin PBXContainerItemProxy section */
		0B6B98A61D917F97004E1031 /* PBXContainerItemProxy */ = {
			isa = PBXContainerItemProxy;
			containerPortal = 0B6B98921D917F97004E1031 /* Project object */;
			proxyType = 1;
			remoteGlobalIDString = 0B6B989A1D917F97004E1031;
			remoteInfo = OSFramework;
		};
/* End PBXContainerItemProxy section */

/* Begin PBXFileReference section */
		0B108F931D91BF100095B312 /* OSiCloudDataBackupTests.swift */ = {isa = PBXFileReference; fileEncoding = 4; lastKnownFileType = sourcecode.swift; path = OSiCloudDataBackupTests.swift; sourceTree = "<group>"; };
		0B2F864F1E40EEEE0075097E /* String+urlEncode.swift */ = {isa = PBXFileReference; fileEncoding = 4; lastKnownFileType = sourcecode.swift; path = "String+urlEncode.swift"; sourceTree = "<group>"; };
		0B2FA9B51E389B4D003A1AF7 /* AppDelegate+ChangeRootController.swift */ = {isa = PBXFileReference; fileEncoding = 4; lastKnownFileType = sourcecode.swift; path = "AppDelegate+ChangeRootController.swift"; sourceTree = "<group>"; };
		0B2FA9B91E389BF5003A1AF7 /* OSLoginViewModel.swift */ = {isa = PBXFileReference; fileEncoding = 4; lastKnownFileType = sourcecode.swift; path = OSLoginViewModel.swift; sourceTree = "<group>"; };
		0B334BA11D99253500DE68CA /* PublicHeader.h */ = {isa = PBXFileReference; lastKnownFileType = sourcecode.c.h; path = PublicHeader.h; sourceTree = "<group>"; };
		0B5652C71E3F3C5C00A42AF3 /* AppDelegate.swift */ = {isa = PBXFileReference; lastKnownFileType = sourcecode.swift; path = AppDelegate.swift; sourceTree = "<group>"; };
		0B5A9D591EC049EA00F522E6 /* UIViewController+showAlert.swift */ = {isa = PBXFileReference; fileEncoding = 4; lastKnownFileType = sourcecode.swift; path = "UIViewController+showAlert.swift"; sourceTree = "<group>"; };
		0B5A9D5D1EC04A0500F522E6 /* UIViewController+imageBackground.swift */ = {isa = PBXFileReference; fileEncoding = 4; lastKnownFileType = sourcecode.swift; path = "UIViewController+imageBackground.swift"; sourceTree = "<group>"; };
		0B5A9D5F1EC04A7E00F522E6 /* TransparentTableViewCell.swift */ = {isa = PBXFileReference; fileEncoding = 4; lastKnownFileType = sourcecode.swift; path = TransparentTableViewCell.swift; sourceTree = "<group>"; };
		0B5A9D611EC04A9C00F522E6 /* TitleShadowButton.swift */ = {isa = PBXFileReference; fileEncoding = 4; lastKnownFileType = sourcecode.swift; path = TitleShadowButton.swift; sourceTree = "<group>"; };
		0B5A9D631EC04ADA00F522E6 /* AppleUrlHelper.swift */ = {isa = PBXFileReference; fileEncoding = 4; lastKnownFileType = sourcecode.swift; path = AppleUrlHelper.swift; sourceTree = "<group>"; };
		0B62F2C61E51BFDE00CB634F /* EoloSender.swift */ = {isa = PBXFileReference; fileEncoding = 4; lastKnownFileType = sourcecode.swift; path = EoloSender.swift; sourceTree = "<group>"; };
		0B62F2C71E51BFDE00CB634F /* SerializableWebQuery.swift */ = {isa = PBXFileReference; fileEncoding = 4; lastKnownFileType = sourcecode.swift; path = SerializableWebQuery.swift; sourceTree = "<group>"; };
		0B6B989B1D917F97004E1031 /* OSFramework.framework */ = {isa = PBXFileReference; explicitFileType = wrapper.framework; includeInIndex = 0; path = OSFramework.framework; sourceTree = BUILT_PRODUCTS_DIR; };
		0B6B989E1D917F97004E1031 /* OSFramework.h */ = {isa = PBXFileReference; lastKnownFileType = sourcecode.c.h; path = OSFramework.h; sourceTree = "<group>"; };
		0B6B989F1D917F97004E1031 /* Info.plist */ = {isa = PBXFileReference; lastKnownFileType = text.plist.xml; path = Info.plist; sourceTree = "<group>"; };
		0B6B98A41D917F97004E1031 /* OSFrameworkTests.xctest */ = {isa = PBXFileReference; explicitFileType = wrapper.cfbundle; includeInIndex = 0; path = OSFrameworkTests.xctest; sourceTree = BUILT_PRODUCTS_DIR; };
		0B6B98A91D917F97004E1031 /* OSFrameworkTests.swift */ = {isa = PBXFileReference; lastKnownFileType = sourcecode.swift; path = OSFrameworkTests.swift; sourceTree = "<group>"; };
		0B6B98AB1D917F97004E1031 /* Info.plist */ = {isa = PBXFileReference; lastKnownFileType = text.plist.xml; path = Info.plist; sourceTree = "<group>"; };
		0B6B98C01D917FF5004E1031 /* OSiCloudDataBackup.swift */ = {isa = PBXFileReference; fileEncoding = 4; lastKnownFileType = sourcecode.swift; path = OSiCloudDataBackup.swift; sourceTree = "<group>"; };
		0B8BE47D1D9BB2B700A31E03 /* NSDate+JSON.swift */ = {isa = PBXFileReference; fileEncoding = 4; lastKnownFileType = sourcecode.swift; path = "NSDate+JSON.swift"; sourceTree = "<group>"; };
		0B8BE47E1D9BB2B700A31E03 /* json.swift */ = {isa = PBXFileReference; fileEncoding = 4; lastKnownFileType = sourcecode.swift; path = json.swift; sourceTree = "<group>"; };
		0BC2CD311D92BFB000ACEA5F /* OSCircleLabel.swift */ = {isa = PBXFileReference; fileEncoding = 4; lastKnownFileType = sourcecode.swift; path = OSCircleLabel.swift; sourceTree = "<group>"; };
		0BC2CD321D92BFB000ACEA5F /* OSCircleImageView.swift */ = {isa = PBXFileReference; fileEncoding = 4; lastKnownFileType = sourcecode.swift; path = OSCircleImageView.swift; sourceTree = "<group>"; };
		0BC2CD331D92BFB000ACEA5F /* OSEditableTableViewController.swift */ = {isa = PBXFileReference; fileEncoding = 4; lastKnownFileType = sourcecode.swift; path = OSEditableTableViewController.swift; sourceTree = "<group>"; };
		0BC2CD381D92BFC800ACEA5F /* Serializator.swift */ = {isa = PBXFileReference; fileEncoding = 4; lastKnownFileType = sourcecode.swift; path = Serializator.swift; sourceTree = "<group>"; };
		0BC2CD3D1D92BFDF00ACEA5F /* OSSystem.swift */ = {isa = PBXFileReference; fileEncoding = 4; lastKnownFileType = sourcecode.swift; path = OSSystem.swift; sourceTree = "<group>"; };
		0BC2CD3F1D92C00C00ACEA5F /* OSEmailValidatorTest.swift */ = {isa = PBXFileReference; fileEncoding = 4; lastKnownFileType = sourcecode.swift; path = OSEmailValidatorTest.swift; sourceTree = "<group>"; };
		0BC2CD401D92C00C00ACEA5F /* OSDNIValidatorTest.swift */ = {isa = PBXFileReference; fileEncoding = 4; lastKnownFileType = sourcecode.swift; path = OSDNIValidatorTest.swift; sourceTree = "<group>"; };
		0BC2CD431D9303BB00ACEA5F /* OSEmailValidator.swift */ = {isa = PBXFileReference; fileEncoding = 4; lastKnownFileType = sourcecode.swift; path = OSEmailValidator.swift; sourceTree = "<group>"; };
		0BC2CD451D93052D00ACEA5F /* OSDNIValidator.swift */ = {isa = PBXFileReference; fileEncoding = 4; lastKnownFileType = sourcecode.swift; path = OSDNIValidator.swift; sourceTree = "<group>"; };
		0BC2CD4A1D94757A00ACEA5F /* String+subscript.swift */ = {isa = PBXFileReference; fileEncoding = 4; lastKnownFileType = sourcecode.swift; path = "String+subscript.swift"; sourceTree = "<group>"; };
		0BF666C11E48BEF90065D217 /* SimplePersistence.swift */ = {isa = PBXFileReference; fileEncoding = 4; lastKnownFileType = sourcecode.swift; path = SimplePersistence.swift; sourceTree = "<group>"; };
/* End PBXFileReference section */

/* Begin PBXFrameworksBuildPhase section */
		0B6B98971D917F97004E1031 /* Frameworks */ = {
			isa = PBXFrameworksBuildPhase;
			buildActionMask = 2147483647;
			files = (
			);
			runOnlyForDeploymentPostprocessing = 0;
		};
		0B6B98A11D917F97004E1031 /* Frameworks */ = {
			isa = PBXFrameworksBuildPhase;
			buildActionMask = 2147483647;
			files = (
				0B6B98A51D917F97004E1031 /* OSFramework.framework in Frameworks */,
			);
			runOnlyForDeploymentPostprocessing = 0;
		};
/* End PBXFrameworksBuildPhase section */

/* Begin PBXGroup section */
		0B2FA9B41E389B43003A1AF7 /* utils */ = {
			isa = PBXGroup;
			children = (
				0B2FA9B51E389B4D003A1AF7 /* AppDelegate+ChangeRootController.swift */,
				0B5A9D631EC04ADA00F522E6 /* AppleUrlHelper.swift */,
			);
			name = utils;
			sourceTree = "<group>";
		};
		0B2FA9B81E389BE8003A1AF7 /* login */ = {
			isa = PBXGroup;
			children = (
				0B2FA9B91E389BF5003A1AF7 /* OSLoginViewModel.swift */,
			);
			name = login;
			sourceTree = "<group>";
		};
		0B62F2C31E51BE7F00CB634F /* eolo */ = {
			isa = PBXGroup;
			children = (
				0B62F2C61E51BFDE00CB634F /* EoloSender.swift */,
				0B62F2C71E51BFDE00CB634F /* SerializableWebQuery.swift */,
			);
			name = eolo;
			sourceTree = "<group>";
		};
		0B6B98911D917F97004E1031 = {
			isa = PBXGroup;
			children = (
				0B6B989D1D917F97004E1031 /* OSFramework */,
				0B6B98A81D917F97004E1031 /* OSFrameworkTests */,
				0B6B989C1D917F97004E1031 /* Products */,
			);
			sourceTree = "<group>";
		};
		0B6B989C1D917F97004E1031 /* Products */ = {
			isa = PBXGroup;
			children = (
				0B6B989B1D917F97004E1031 /* OSFramework.framework */,
				0B6B98A41D917F97004E1031 /* OSFrameworkTests.xctest */,
			);
			name = Products;
			sourceTree = "<group>";
		};
		0B6B989D1D917F97004E1031 /* OSFramework */ = {
			isa = PBXGroup;
			children = (
				0B62F2C31E51BE7F00CB634F /* eolo */,
				0BF666BE1E48BEE30065D217 /* persistence */,
				0B2FA9B81E389BE8003A1AF7 /* login */,
				0B2FA9B41E389B43003A1AF7 /* utils */,
				0BC2CD3C1D92BFCF00ACEA5F /* data */,
				0BC2CD371D92BFB700ACEA5F /* formats */,
				0BC2CD2E1D92BFA500ACEA5F /* views */,
				0B6B989E1D917F97004E1031 /* OSFramework.h */,
				0BC2CD3D1D92BFDF00ACEA5F /* OSSystem.swift */,
				0B6B989F1D917F97004E1031 /* Info.plist */,
				0B334BA11D99253500DE68CA /* PublicHeader.h */,
				0B5652C71E3F3C5C00A42AF3 /* AppDelegate.swift */,
			);
			name = OSFramework;
			path = Sources;
			sourceTree = "<group>";
		};
		0B6B98A81D917F97004E1031 /* OSFrameworkTests */ = {
			isa = PBXGroup;
			children = (
				0B6B98A91D917F97004E1031 /* OSFrameworkTests.swift */,
				0B6B98AB1D917F97004E1031 /* Info.plist */,
				0B108F931D91BF100095B312 /* OSiCloudDataBackupTests.swift */,
				0BC2CD3F1D92C00C00ACEA5F /* OSEmailValidatorTest.swift */,
				0BC2CD401D92C00C00ACEA5F /* OSDNIValidatorTest.swift */,
			);
			name = OSFrameworkTests;
			path = Tests/OSFrameworkTests;
			sourceTree = "<group>";
		};
		0BC2CD2E1D92BFA500ACEA5F /* views */ = {
			isa = PBXGroup;
			children = (
				0BC2CD311D92BFB000ACEA5F /* OSCircleLabel.swift */,
				0BC2CD321D92BFB000ACEA5F /* OSCircleImageView.swift */,
				0BC2CD331D92BFB000ACEA5F /* OSEditableTableViewController.swift */,
				0B5A9D591EC049EA00F522E6 /* UIViewController+showAlert.swift */,
				0B5A9D5D1EC04A0500F522E6 /* UIViewController+imageBackground.swift */,
				0B5A9D5F1EC04A7E00F522E6 /* TransparentTableViewCell.swift */,
				0B5A9D611EC04A9C00F522E6 /* TitleShadowButton.swift */,
			);
			name = views;
			sourceTree = "<group>";
		};
		0BC2CD371D92BFB700ACEA5F /* formats */ = {
			isa = PBXGroup;
			children = (
				0BC2CD4A1D94757A00ACEA5F /* String+subscript.swift */,
				0B2F864F1E40EEEE0075097E /* String+urlEncode.swift */,
				0BC2CD381D92BFC800ACEA5F /* Serializator.swift */,
				0BC2CD431D9303BB00ACEA5F /* OSEmailValidator.swift */,
				0BC2CD451D93052D00ACEA5F /* OSDNIValidator.swift */,
				0B8BE47D1D9BB2B700A31E03 /* NSDate+JSON.swift */,
				0B8BE47E1D9BB2B700A31E03 /* json.swift */,
			);
			name = formats;
			sourceTree = "<group>";
		};
		0BC2CD3C1D92BFCF00ACEA5F /* data */ = {
			isa = PBXGroup;
			children = (
				0B6B98C01D917FF5004E1031 /* OSiCloudDataBackup.swift */,
			);
			name = data;
			sourceTree = "<group>";
		};
		0BF666BE1E48BEE30065D217 /* persistence */ = {
			isa = PBXGroup;
			children = (
				0BF666C11E48BEF90065D217 /* SimplePersistence.swift */,
			);
			name = persistence;
			sourceTree = "<group>";
		};
/* End PBXGroup section */

/* Begin PBXHeadersBuildPhase section */
		0B6B98981D917F97004E1031 /* Headers */ = {
			isa = PBXHeadersBuildPhase;
			buildActionMask = 2147483647;
			files = (
				0B6B98AC1D917F97004E1031 /* OSFramework.h in Headers */,
				0B334BA41D9925D500DE68CA /* PublicHeader.h in Headers */,
			);
			runOnlyForDeploymentPostprocessing = 0;
		};
/* End PBXHeadersBuildPhase section */

/* Begin PBXNativeTarget section */
		0B6B989A1D917F97004E1031 /* OSFramework */ = {
			isa = PBXNativeTarget;
			buildConfigurationList = 0B6B98AF1D917F97004E1031 /* Build configuration list for PBXNativeTarget "OSFramework" */;
			buildPhases = (
				0B6B98961D917F97004E1031 /* Sources */,
				0B6B98971D917F97004E1031 /* Frameworks */,
				0B6B98981D917F97004E1031 /* Headers */,
				0B6B98991D917F97004E1031 /* Resources */,
			);
			buildRules = (
			);
			dependencies = (
			);
			name = OSFramework;
			productName = OSFramework;
			productReference = 0B6B989B1D917F97004E1031 /* OSFramework.framework */;
			productType = "com.apple.product-type.framework";
		};
		0B6B98A31D917F97004E1031 /* OSFrameworkTests */ = {
			isa = PBXNativeTarget;
			buildConfigurationList = 0B6B98B21D917F97004E1031 /* Build configuration list for PBXNativeTarget "OSFrameworkTests" */;
			buildPhases = (
				0B6B98A01D917F97004E1031 /* Sources */,
				0B6B98A11D917F97004E1031 /* Frameworks */,
				0B6B98A21D917F97004E1031 /* Resources */,
			);
			buildRules = (
			);
			dependencies = (
				0B6B98A71D917F97004E1031 /* PBXTargetDependency */,
			);
			name = OSFrameworkTests;
			productName = OSFrameworkTests;
			productReference = 0B6B98A41D917F97004E1031 /* OSFrameworkTests.xctest */;
			productType = "com.apple.product-type.bundle.unit-test";
		};
/* End PBXNativeTarget section */

/* Begin PBXProject section */
		0B6B98921D917F97004E1031 /* Project object */ = {
			isa = PBXProject;
			attributes = {
				LastSwiftUpdateCheck = 0800;
				LastUpgradeCheck = 0820;
				ORGANIZATIONNAME = "Daniel Vela";
				TargetAttributes = {
					0B6B989A1D917F97004E1031 = {
						CreatedOnToolsVersion = 8.0;
						DevelopmentTeam = TW65EXAM4U;
						LastSwiftMigration = 0800;
						ProvisioningStyle = Automatic;
					};
					0B6B98A31D917F97004E1031 = {
						CreatedOnToolsVersion = 8.0;
						DevelopmentTeam = TW65EXAM4U;
						ProvisioningStyle = Automatic;
					};
				};
			};
			buildConfigurationList = 0B6B98951D917F97004E1031 /* Build configuration list for PBXProject "OSFramework" */;
			compatibilityVersion = "Xcode 3.2";
			developmentRegion = English;
			hasScannedForEncodings = 0;
			knownRegions = (
				en,
			);
			mainGroup = 0B6B98911D917F97004E1031;
			productRefGroup = 0B6B989C1D917F97004E1031 /* Products */;
			projectDirPath = "";
			projectRoot = "";
			targets = (
				0B6B989A1D917F97004E1031 /* OSFramework */,
				0B6B98A31D917F97004E1031 /* OSFrameworkTests */,
			);
		};
/* End PBXProject section */

/* Begin PBXResourcesBuildPhase section */
		0B6B98991D917F97004E1031 /* Resources */ = {
			isa = PBXResourcesBuildPhase;
			buildActionMask = 2147483647;
			files = (
			);
			runOnlyForDeploymentPostprocessing = 0;
		};
		0B6B98A21D917F97004E1031 /* Resources */ = {
			isa = PBXResourcesBuildPhase;
			buildActionMask = 2147483647;
			files = (
			);
			runOnlyForDeploymentPostprocessing = 0;
		};
/* End PBXResourcesBuildPhase section */

/* Begin PBXSourcesBuildPhase section */
		0B6B98961D917F97004E1031 /* Sources */ = {
			isa = PBXSourcesBuildPhase;
			buildActionMask = 2147483647;
			files = (
				0B62F2C91E51BFDE00CB634F /* SerializableWebQuery.swift in Sources */,
				0B8BE4801D9BB2B700A31E03 /* json.swift in Sources */,
				0BC2CD3A1D92BFC900ACEA5F /* Serializator.swift in Sources */,
				0BC2CD441D9303BB00ACEA5F /* OSEmailValidator.swift in Sources */,
				0B5A9D5E1EC04A0500F522E6 /* UIViewController+imageBackground.swift in Sources */,
				0BC2CD351D92BFB000ACEA5F /* OSCircleImageView.swift in Sources */,
				0B2FA9BA1E389BF5003A1AF7 /* OSLoginViewModel.swift in Sources */,
				0BC2CD461D93052D00ACEA5F /* OSDNIValidator.swift in Sources */,
				0B5A9D641EC04ADA00F522E6 /* AppleUrlHelper.swift in Sources */,
				0BC2CD361D92BFB000ACEA5F /* OSEditableTableViewController.swift in Sources */,
				0B5A9D5A1EC049EA00F522E6 /* UIViewController+showAlert.swift in Sources */,
				0BC2CD3E1D92BFDF00ACEA5F /* OSSystem.swift in Sources */,
				0BF666C21E48BEF90065D217 /* SimplePersistence.swift in Sources */,
				0B2F86501E40EEEE0075097E /* String+urlEncode.swift in Sources */,
				0B62F2C81E51BFDE00CB634F /* EoloSender.swift in Sources */,
				0B2FA9BB1E389C69003A1AF7 /* AppDelegate+ChangeRootController.swift in Sources */,
				0BC2CD4B1D94757A00ACEA5F /* String+subscript.swift in Sources */,
				0BC2CD341D92BFB000ACEA5F /* OSCircleLabel.swift in Sources */,
				0B8BE47F1D9BB2B700A31E03 /* NSDate+JSON.swift in Sources */,
				0B5A9D601EC04A7E00F522E6 /* TransparentTableViewCell.swift in Sources */,
				0B6B98C11D917FF5004E1031 /* OSiCloudDataBackup.swift in Sources */,
				0B5A9D621EC04A9C00F522E6 /* TitleShadowButton.swift in Sources */,
			);
			runOnlyForDeploymentPostprocessing = 0;
		};
		0B6B98A01D917F97004E1031 /* Sources */ = {
			isa = PBXSourcesBuildPhase;
			buildActionMask = 2147483647;
			files = (
				0B6B98AA1D917F97004E1031 /* OSFrameworkTests.swift in Sources */,
				0BC2CD411D92C00C00ACEA5F /* OSEmailValidatorTest.swift in Sources */,
				0BC2CD421D92C00C00ACEA5F /* OSDNIValidatorTest.swift in Sources */,
				0B108F941D91BF100095B312 /* OSiCloudDataBackupTests.swift in Sources */,
			);
			runOnlyForDeploymentPostprocessing = 0;
		};
/* End PBXSourcesBuildPhase section */

/* Begin PBXTargetDependency section */
		0B6B98A71D917F97004E1031 /* PBXTargetDependency */ = {
			isa = PBXTargetDependency;
			target = 0B6B989A1D917F97004E1031 /* OSFramework */;
			targetProxy = 0B6B98A61D917F97004E1031 /* PBXContainerItemProxy */;
		};
/* End PBXTargetDependency section */

/* Begin XCBuildConfiguration section */
		0B6B98AD1D917F97004E1031 /* Debug */ = {
			isa = XCBuildConfiguration;
			buildSettings = {
				ALWAYS_SEARCH_USER_PATHS = NO;
				CLANG_ANALYZER_NONNULL = YES;
				CLANG_CXX_LANGUAGE_STANDARD = "gnu++0x";
				CLANG_CXX_LIBRARY = "libc++";
				CLANG_ENABLE_MODULES = YES;
				CLANG_ENABLE_OBJC_ARC = YES;
				CLANG_WARN_BOOL_CONVERSION = YES;
				CLANG_WARN_CONSTANT_CONVERSION = YES;
				CLANG_WARN_DIRECT_OBJC_ISA_USAGE = YES_ERROR;
				CLANG_WARN_DOCUMENTATION_COMMENTS = YES;
				CLANG_WARN_EMPTY_BODY = YES;
				CLANG_WARN_ENUM_CONVERSION = YES;
				CLANG_WARN_INFINITE_RECURSION = YES;
				CLANG_WARN_INT_CONVERSION = YES;
				CLANG_WARN_OBJC_ROOT_CLASS = YES_ERROR;
				CLANG_WARN_SUSPICIOUS_MOVE = YES;
				CLANG_WARN_SUSPICIOUS_MOVES = YES;
				CLANG_WARN_UNREACHABLE_CODE = YES;
				CLANG_WARN__DUPLICATE_METHOD_MATCH = YES;
				"CODE_SIGN_IDENTITY[sdk=iphoneos*]" = "iPhone Developer";
				COPY_PHASE_STRIP = NO;
				CURRENT_PROJECT_VERSION = 1;
				DEBUG_INFORMATION_FORMAT = dwarf;
				ENABLE_STRICT_OBJC_MSGSEND = YES;
				ENABLE_TESTABILITY = YES;
				GCC_C_LANGUAGE_STANDARD = gnu99;
				GCC_DYNAMIC_NO_PIC = NO;
				GCC_NO_COMMON_BLOCKS = YES;
				GCC_OPTIMIZATION_LEVEL = 0;
				GCC_PREPROCESSOR_DEFINITIONS = (
					"DEBUG=1",
					"$(inherited)",
				);
				GCC_WARN_64_TO_32_BIT_CONVERSION = YES;
				GCC_WARN_ABOUT_RETURN_TYPE = YES_ERROR;
				GCC_WARN_UNDECLARED_SELECTOR = YES;
				GCC_WARN_UNINITIALIZED_AUTOS = YES_AGGRESSIVE;
				GCC_WARN_UNUSED_FUNCTION = YES;
				GCC_WARN_UNUSED_VARIABLE = YES;
				IPHONEOS_DEPLOYMENT_TARGET = 10.0;
				MTL_ENABLE_DEBUG_INFO = YES;
				ONLY_ACTIVE_ARCH = YES;
				SDKROOT = iphoneos;
				SWIFT_ACTIVE_COMPILATION_CONDITIONS = DEBUG;
				SWIFT_OPTIMIZATION_LEVEL = "-Onone";
				TARGETED_DEVICE_FAMILY = "1,2";
				VERSIONING_SYSTEM = "apple-generic";
				VERSION_INFO_PREFIX = "";
			};
			name = Debug;
		};
		0B6B98AE1D917F97004E1031 /* Release */ = {
			isa = XCBuildConfiguration;
			buildSettings = {
				ALWAYS_SEARCH_USER_PATHS = NO;
				CLANG_ANALYZER_NONNULL = YES;
				CLANG_CXX_LANGUAGE_STANDARD = "gnu++0x";
				CLANG_CXX_LIBRARY = "libc++";
				CLANG_ENABLE_MODULES = YES;
				CLANG_ENABLE_OBJC_ARC = YES;
				CLANG_WARN_BOOL_CONVERSION = YES;
				CLANG_WARN_CONSTANT_CONVERSION = YES;
				CLANG_WARN_DIRECT_OBJC_ISA_USAGE = YES_ERROR;
				CLANG_WARN_DOCUMENTATION_COMMENTS = YES;
				CLANG_WARN_EMPTY_BODY = YES;
				CLANG_WARN_ENUM_CONVERSION = YES;
				CLANG_WARN_INFINITE_RECURSION = YES;
				CLANG_WARN_INT_CONVERSION = YES;
				CLANG_WARN_OBJC_ROOT_CLASS = YES_ERROR;
				CLANG_WARN_SUSPICIOUS_MOVE = YES;
				CLANG_WARN_SUSPICIOUS_MOVES = YES;
				CLANG_WARN_UNREACHABLE_CODE = YES;
				CLANG_WARN__DUPLICATE_METHOD_MATCH = YES;
				"CODE_SIGN_IDENTITY[sdk=iphoneos*]" = "iPhone Developer";
				COPY_PHASE_STRIP = NO;
				CURRENT_PROJECT_VERSION = 1;
				DEBUG_INFORMATION_FORMAT = "dwarf-with-dsym";
				ENABLE_NS_ASSERTIONS = NO;
				ENABLE_STRICT_OBJC_MSGSEND = YES;
				GCC_C_LANGUAGE_STANDARD = gnu99;
				GCC_NO_COMMON_BLOCKS = YES;
				GCC_WARN_64_TO_32_BIT_CONVERSION = YES;
				GCC_WARN_ABOUT_RETURN_TYPE = YES_ERROR;
				GCC_WARN_UNDECLARED_SELECTOR = YES;
				GCC_WARN_UNINITIALIZED_AUTOS = YES_AGGRESSIVE;
				GCC_WARN_UNUSED_FUNCTION = YES;
				GCC_WARN_UNUSED_VARIABLE = YES;
				IPHONEOS_DEPLOYMENT_TARGET = 10.0;
				MTL_ENABLE_DEBUG_INFO = NO;
				SDKROOT = iphoneos;
				SWIFT_OPTIMIZATION_LEVEL = "-Owholemodule";
				TARGETED_DEVICE_FAMILY = "1,2";
				VALIDATE_PRODUCT = YES;
				VERSIONING_SYSTEM = "apple-generic";
				VERSION_INFO_PREFIX = "";
			};
			name = Release;
		};
		0B6B98B01D917F97004E1031 /* Debug */ = {
			isa = XCBuildConfiguration;
			buildSettings = {
				CLANG_ENABLE_MODULES = YES;
				CODE_SIGN_IDENTITY = "";
				DEFINES_MODULE = YES;
				DEVELOPMENT_TEAM = TW65EXAM4U;
				DYLIB_COMPATIBILITY_VERSION = 1;
				DYLIB_CURRENT_VERSION = 1;
				DYLIB_INSTALL_NAME_BASE = "@rpath";
				INFOPLIST_FILE = Sources/Info.plist;
				INSTALL_PATH = "$(LOCAL_LIBRARY_DIR)/Frameworks";
				IPHONEOS_DEPLOYMENT_TARGET = 8.0;
				LD_RUNPATH_SEARCH_PATHS = "$(inherited) @executable_path/Frameworks @loader_path/Frameworks";
				PRODUCT_BUNDLE_IDENTIFIER = org.veladan.OSFramework;
				PRODUCT_NAME = "$(TARGET_NAME)";
				SKIP_INSTALL = YES;
				SWIFT_OPTIMIZATION_LEVEL = "-Onone";
				SWIFT_VERSION = 3.0;
				TARGETED_DEVICE_FAMILY = 1;
			};
			name = Debug;
		};
		0B6B98B11D917F97004E1031 /* Release */ = {
			isa = XCBuildConfiguration;
			buildSettings = {
				CLANG_ENABLE_MODULES = YES;
				CODE_SIGN_IDENTITY = "";
				DEFINES_MODULE = YES;
				DEVELOPMENT_TEAM = TW65EXAM4U;
				DYLIB_COMPATIBILITY_VERSION = 1;
				DYLIB_CURRENT_VERSION = 1;
				DYLIB_INSTALL_NAME_BASE = "@rpath";
				INFOPLIST_FILE = Sources/Info.plist;
				INSTALL_PATH = "$(LOCAL_LIBRARY_DIR)/Frameworks";
				IPHONEOS_DEPLOYMENT_TARGET = 8.0;
				LD_RUNPATH_SEARCH_PATHS = "$(inherited) @executable_path/Frameworks @loader_path/Frameworks";
				PRODUCT_BUNDLE_IDENTIFIER = org.veladan.OSFramework;
				PRODUCT_NAME = "$(TARGET_NAME)";
				SKIP_INSTALL = YES;
				SWIFT_VERSION = 3.0;
				TARGETED_DEVICE_FAMILY = 1;
			};
			name = Release;
		};
		0B6B98B31D917F97004E1031 /* Debug */ = {
			isa = XCBuildConfiguration;
			buildSettings = {
				ALWAYS_EMBED_SWIFT_STANDARD_LIBRARIES = YES;
				DEVELOPMENT_TEAM = TW65EXAM4U;
				INFOPLIST_FILE = Tests/OSFrameworkTests/Info.plist;
				LD_RUNPATH_SEARCH_PATHS = "$(inherited) @executable_path/Frameworks @loader_path/Frameworks";
				PRODUCT_BUNDLE_IDENTIFIER = org.veladan.OSFrameworkTests;
				PRODUCT_NAME = "$(TARGET_NAME)";
				SWIFT_VERSION = 3.0;
			};
			name = Debug;
		};
		0B6B98B41D917F97004E1031 /* Release */ = {
			isa = XCBuildConfiguration;
			buildSettings = {
				ALWAYS_EMBED_SWIFT_STANDARD_LIBRARIES = YES;
				DEVELOPMENT_TEAM = TW65EXAM4U;
				INFOPLIST_FILE = Tests/OSFrameworkTests/Info.plist;
				LD_RUNPATH_SEARCH_PATHS = "$(inherited) @executable_path/Frameworks @loader_path/Frameworks";
				PRODUCT_BUNDLE_IDENTIFIER = org.veladan.OSFrameworkTests;
				PRODUCT_NAME = "$(TARGET_NAME)";
				SWIFT_VERSION = 3.0;
			};
			name = Release;
		};
/* End XCBuildConfiguration section */

/* Begin XCConfigurationList section */
		0B6B98951D917F97004E1031 /* Build configuration list for PBXProject "OSFramework" */ = {
			isa = XCConfigurationList;
			buildConfigurations = (
				0B6B98AD1D917F97004E1031 /* Debug */,
				0B6B98AE1D917F97004E1031 /* Release */,
			);
			defaultConfigurationIsVisible = 0;
			defaultConfigurationName = Release;
		};
		0B6B98AF1D917F97004E1031 /* Build configuration list for PBXNativeTarget "OSFramework" */ = {
			isa = XCConfigurationList;
			buildConfigurations = (
				0B6B98B01D917F97004E1031 /* Debug */,
				0B6B98B11D917F97004E1031 /* Release */,
			);
			defaultConfigurationIsVisible = 0;
			defaultConfigurationName = Release;
		};
		0B6B98B21D917F97004E1031 /* Build configuration list for PBXNativeTarget "OSFrameworkTests" */ = {
			isa = XCConfigurationList;
			buildConfigurations = (
				0B6B98B31D917F97004E1031 /* Debug */,
				0B6B98B41D917F97004E1031 /* Release */,
			);
			defaultConfigurationIsVisible = 0;
			defaultConfigurationName = Release;
		};
/* End XCConfigurationList section */
	};
	rootObject = 0B6B98921D917F97004E1031 /* Project object */;
}
